
Microsoft Visual Studio Solution File, Format Version 12.00
# Visual Studio 15
VisualStudioVersion = 15.0.27428.2037
MinimumVisualStudioVersion = 10.0.40219.1
Project("{9A19103F-16F7-4668-BE54-9A1E7A4F7556}") = "CQRSTutorial.Core.Tests", "CQRSTutorial.Core.Tests\CQRSTutorial.Core.Tests.csproj", "{9B511BB2-4101-4579-A55E-F0BDBEEED875}"
EndProject
Project("{9A19103F-16F7-4668-BE54-9A1E7A4F7556}") = "CQRSTutorial.Core", "CQRSTutorial.Core\CQRSTutorial.Core.csproj", "{95C7F004-8B3B-49D7-9D52-234732C5A66D}"
EndProject
Project("{FAE04EC0-301F-11D3-BF4B-00C04F79EFBC}") = "CQRSTutorial.EventStore", "CQRSTutorial.EventStore\CQRSTutorial.EventStore.csproj", "{8D9538C7-7E44-4F6B-B773-C6ED0068C31C}"
EndProject
Project("{FAE04EC0-301F-11D3-BF4B-00C04F79EFBC}") = "CQRSTutorial.EventStore.Tests", "CQRSTutorial.EventStore.Tests\CQRSTutorial.EventStore.Tests.csproj", "{EFA9E9C0-3AD0-4491-AB64-FC912F9BAB76}"
EndProject
Global
	GlobalSection(SolutionConfigurationPlatforms) = preSolution
		Debug|Any CPU = Debug|Any CPU
		Release|Any CPU = Release|Any CPU
	EndGlobalSection
	GlobalSection(ProjectConfigurationPlatforms) = postSolution
		{9B511BB2-4101-4579-A55E-F0BDBEEED875}.Debug|Any CPU.ActiveCfg = Debug|Any CPU
		{9B511BB2-4101-4579-A55E-F0BDBEEED875}.Debug|Any CPU.Build.0 = Debug|Any CPU
		{9B511BB2-4101-4579-A55E-F0BDBEEED875}.Release|Any CPU.ActiveCfg = Release|Any CPU
		{9B511BB2-4101-4579-A55E-F0BDBEEED875}.Release|Any CPU.Build.0 = Release|Any CPU
		{95C7F004-8B3B-49D7-9D52-234732C5A66D}.Debug|Any CPU.ActiveCfg = Debug|Any CPU
		{95C7F004-8B3B-49D7-9D52-234732C5A66D}.Debug|Any CPU.Build.0 = Debug|Any CPU
		{95C7F004-8B3B-49D7-9D52-234732C5A66D}.Release|Any CPU.ActiveCfg = Release|Any CPU
		{95C7F004-8B3B-49D7-9D52-234732C5A66D}.Release|Any CPU.Build.0 = Release|Any CPU
		{8D9538C7-7E44-4F6B-B773-C6ED0068C31C}.Debug|Any CPU.ActiveCfg = Debug|Any CPU
		{8D9538C7-7E44-4F6B-B773-C6ED0068C31C}.Debug|Any CPU.Build.0 = Debug|Any CPU
		{8D9538C7-7E44-4F6B-B773-C6ED0068C31C}.Release|Any CPU.ActiveCfg = Release|Any CPU
		{8D9538C7-7E44-4F6B-B773-C6ED0068C31C}.Release|Any CPU.Build.0 = Release|Any CPU
		{EFA9E9C0-3AD0-4491-AB64-FC912F9BAB76}.Debug|Any CPU.ActiveCfg = Debug|Any CPU
		{EFA9E9C0-3AD0-4491-AB64-FC912F9BAB76}.Debug|Any CPU.Build.0 = Debug|Any CPU
		{EFA9E9C0-3AD0-4491-AB64-FC912F9BAB76}.Release|Any CPU.ActiveCfg = Release|Any CPU
		{EFA9E9C0-3AD0-4491-AB64-FC912F9BAB76}.Release|Any CPU.Build.0 = Release|Any CPU
	EndGlobalSection
	GlobalSection(SolutionProperties) = preSolution
		HideSolutionNode = FALSE
	EndGlobalSection
	GlobalSection(ExtensibilityGlobals) = postSolution
		SolutionGuid = {E8CF9857-E655-4A9A-AC2C-E6BA7403BAE1}
	EndGlobalSection
EndGlobal
