
Microsoft Visual Studio Solution File, Format Version 12.00
# Visual Studio 15
VisualStudioVersion = 15.0.27428.2037
MinimumVisualStudioVersion = 10.0.40219.1
Project("{9A19103F-16F7-4668-BE54-9A1E7A4F7556}") = "CQRSTutorial.Core", "CQRSTutorial.Core\CQRSTutorial.Core.csproj", "{95C7F004-8B3B-49D7-9D52-234732C5A66D}"
EndProject
Project("{9A19103F-16F7-4668-BE54-9A1E7A4F7556}") = "CQRSTutorial.EventStore", "CQRSTutorial.EventStore\CQRSTutorial.EventStore.csproj", "{8D9538C7-7E44-4F6B-B773-C6ED0068C31C}"
EndProject
Project("{9A19103F-16F7-4668-BE54-9A1E7A4F7556}") = "CQRSTutorial.EventStore.Tests", "CQRSTutorial.EventStore.Tests\CQRSTutorial.EventStore.Tests.csproj", "{EFA9E9C0-3AD0-4491-AB64-FC912F9BAB76}"
EndProject
Project("{9A19103F-16F7-4668-BE54-9A1E7A4F7556}") = "CQRSTutorial.Events", "CQRSTutorial.Events\CQRSTutorial.Events.csproj", "{2BF2CBFE-05C0-4F60-B427-F5375593B663}"
EndProject
Project("{9A19103F-16F7-4668-BE54-9A1E7A4F7556}") = "CQRSTutorial.Domain", "CQRSTutorial.Domain\CQRSTutorial.Domain.csproj", "{476F8233-E0D7-409A-9E59-CF48A577FBC3}"
EndProject
Project("{9A19103F-16F7-4668-BE54-9A1E7A4F7556}") = "CQRSTutorial.Commands", "CQRSTutorial.Commands\CQRSTutorial.Commands.csproj", "{866618C3-7EB3-42C1-8B83-BDE4530FE63C}"
EndProject
Project("{9A19103F-16F7-4668-BE54-9A1E7A4F7556}") = "CQRSTutorial.Domain.Tests", "CQRSTutorial.Domain.Tests\CQRSTutorial.Domain.Tests.csproj", "{BF9045B2-781D-4B3C-8288-781A8E494276}"
EndProject
Project("{FAE04EC0-301F-11D3-BF4B-00C04F79EFBC}") = "CQRSTutorial.Messaging", "CQRSTutorial.Messaging\CQRSTutorial.Messaging.csproj", "{7F05AE32-90B6-4A23-BA15-F8E48EED1BEE}"
EndProject
Project("{FAE04EC0-301F-11D3-BF4B-00C04F79EFBC}") = "CQRSTutorial.Messaging.Tests", "CQRSTutorial.Messaging.Tests\CQRSTutorial.Messaging.Tests.csproj", "{DE16AB38-D4CB-4FF7-A0A1-E765215E1532}"
EndProject
Global
	GlobalSection(SolutionConfigurationPlatforms) = preSolution
		Debug|Any CPU = Debug|Any CPU
		Release|Any CPU = Release|Any CPU
	EndGlobalSection
	GlobalSection(ProjectConfigurationPlatforms) = postSolution
		{95C7F004-8B3B-49D7-9D52-234732C5A66D}.Debug|Any CPU.ActiveCfg = Debug|Any CPU
		{95C7F004-8B3B-49D7-9D52-234732C5A66D}.Debug|Any CPU.Build.0 = Debug|Any CPU
		{95C7F004-8B3B-49D7-9D52-234732C5A66D}.Release|Any CPU.ActiveCfg = Release|Any CPU
		{95C7F004-8B3B-49D7-9D52-234732C5A66D}.Release|Any CPU.Build.0 = Release|Any CPU
		{8D9538C7-7E44-4F6B-B773-C6ED0068C31C}.Debug|Any CPU.ActiveCfg = Debug|Any CPU
		{8D9538C7-7E44-4F6B-B773-C6ED0068C31C}.Debug|Any CPU.Build.0 = Debug|Any CPU
		{8D9538C7-7E44-4F6B-B773-C6ED0068C31C}.Release|Any CPU.ActiveCfg = Release|Any CPU
		{8D9538C7-7E44-4F6B-B773-C6ED0068C31C}.Release|Any CPU.Build.0 = Release|Any CPU
		{EFA9E9C0-3AD0-4491-AB64-FC912F9BAB76}.Debug|Any CPU.ActiveCfg = Debug|Any CPU
		{EFA9E9C0-3AD0-4491-AB64-FC912F9BAB76}.Debug|Any CPU.Build.0 = Debug|Any CPU
		{EFA9E9C0-3AD0-4491-AB64-FC912F9BAB76}.Release|Any CPU.ActiveCfg = Release|Any CPU
		{EFA9E9C0-3AD0-4491-AB64-FC912F9BAB76}.Release|Any CPU.Build.0 = Release|Any CPU
		{2BF2CBFE-05C0-4F60-B427-F5375593B663}.Debug|Any CPU.ActiveCfg = Debug|Any CPU
		{2BF2CBFE-05C0-4F60-B427-F5375593B663}.Debug|Any CPU.Build.0 = Debug|Any CPU
		{2BF2CBFE-05C0-4F60-B427-F5375593B663}.Release|Any CPU.ActiveCfg = Release|Any CPU
		{2BF2CBFE-05C0-4F60-B427-F5375593B663}.Release|Any CPU.Build.0 = Release|Any CPU
		{476F8233-E0D7-409A-9E59-CF48A577FBC3}.Debug|Any CPU.ActiveCfg = Debug|Any CPU
		{476F8233-E0D7-409A-9E59-CF48A577FBC3}.Debug|Any CPU.Build.0 = Debug|Any CPU
		{476F8233-E0D7-409A-9E59-CF48A577FBC3}.Release|Any CPU.ActiveCfg = Release|Any CPU
		{476F8233-E0D7-409A-9E59-CF48A577FBC3}.Release|Any CPU.Build.0 = Release|Any CPU
		{866618C3-7EB3-42C1-8B83-BDE4530FE63C}.Debug|Any CPU.ActiveCfg = Debug|Any CPU
		{866618C3-7EB3-42C1-8B83-BDE4530FE63C}.Debug|Any CPU.Build.0 = Debug|Any CPU
		{866618C3-7EB3-42C1-8B83-BDE4530FE63C}.Release|Any CPU.ActiveCfg = Release|Any CPU
		{866618C3-7EB3-42C1-8B83-BDE4530FE63C}.Release|Any CPU.Build.0 = Release|Any CPU
		{BF9045B2-781D-4B3C-8288-781A8E494276}.Debug|Any CPU.ActiveCfg = Debug|Any CPU
		{BF9045B2-781D-4B3C-8288-781A8E494276}.Debug|Any CPU.Build.0 = Debug|Any CPU
		{BF9045B2-781D-4B3C-8288-781A8E494276}.Release|Any CPU.ActiveCfg = Release|Any CPU
		{BF9045B2-781D-4B3C-8288-781A8E494276}.Release|Any CPU.Build.0 = Release|Any CPU
		{7F05AE32-90B6-4A23-BA15-F8E48EED1BEE}.Debug|Any CPU.ActiveCfg = Debug|Any CPU
		{7F05AE32-90B6-4A23-BA15-F8E48EED1BEE}.Debug|Any CPU.Build.0 = Debug|Any CPU
		{7F05AE32-90B6-4A23-BA15-F8E48EED1BEE}.Release|Any CPU.ActiveCfg = Release|Any CPU
		{7F05AE32-90B6-4A23-BA15-F8E48EED1BEE}.Release|Any CPU.Build.0 = Release|Any CPU
		{DE16AB38-D4CB-4FF7-A0A1-E765215E1532}.Debug|Any CPU.ActiveCfg = Debug|Any CPU
		{DE16AB38-D4CB-4FF7-A0A1-E765215E1532}.Debug|Any CPU.Build.0 = Debug|Any CPU
		{DE16AB38-D4CB-4FF7-A0A1-E765215E1532}.Release|Any CPU.ActiveCfg = Release|Any CPU
		{DE16AB38-D4CB-4FF7-A0A1-E765215E1532}.Release|Any CPU.Build.0 = Release|Any CPU
	EndGlobalSection
	GlobalSection(SolutionProperties) = preSolution
		HideSolutionNode = FALSE
	EndGlobalSection
	GlobalSection(ExtensibilityGlobals) = postSolution
		SolutionGuid = {E8CF9857-E655-4A9A-AC2C-E6BA7403BAE1}
	EndGlobalSection
EndGlobal
