
Microsoft Visual Studio Solution File, Format Version 12.00
# Visual Studio 15
VisualStudioVersion = 15.0.27428.2037
MinimumVisualStudioVersion = 10.0.40219.1
Project("{9A19103F-16F7-4668-BE54-9A1E7A4F7556}") = "CQRSTutorial.Cafe.Domain", "CQRSTutorial.Cafe.Domain\CQRSTutorial.Cafe.Domain.csproj", "{E73B676F-6995-44C7-9A01-62FBE400B0CE}"
EndProject
Project("{9A19103F-16F7-4668-BE54-9A1E7A4F7556}") = "CQRSTutorial.Cafe.Domain.Tests", "CQRSTutorial.Cafe.Domain.Tests\CQRSTutorial.Cafe.Domain.Tests.csproj", "{3B05B74B-D155-4166-819D-6D58A8B989A6}"
EndProject
Project("{9A19103F-16F7-4668-BE54-9A1E7A4F7556}") = "CQRSTutorial.Cafe.Events", "CQRSTutorial.Cafe.Events\CQRSTutorial.Cafe.Events.csproj", "{BAD739EF-4298-425D-B019-C7CA16432F51}"
EndProject
Project("{9A19103F-16F7-4668-BE54-9A1E7A4F7556}") = "CQRSTutorial.Cafe.Common", "CQRSTutorial.Cafe.Common\CQRSTutorial.Cafe.Common.csproj", "{6C444E15-D6F2-4F50-863E-F0F760B978D4}"
EndProject
Project("{9A19103F-16F7-4668-BE54-9A1E7A4F7556}") = "CQRSTutorial.Cafe.Commands", "CQRSTutorial.Cafe.Commands\CQRSTutorial.Cafe.Commands.csproj", "{0E14684B-8EEE-41F8-8094-2D6373CA68F2}"
EndProject
Project("{FAE04EC0-301F-11D3-BF4B-00C04F79EFBC}") = "CQRSTutorial.Cafe.CommandService", "CQRSTutorial.Cafe.CommandService\CQRSTutorial.Cafe.CommandService.csproj", "{848A8191-EBD2-451C-B713-3C80E8D0434B}"
EndProject
Project("{FAE04EC0-301F-11D3-BF4B-00C04F79EFBC}") = "CQRSTutorial.Cafe.CommandService.Tests", "CQRSTutorial.Cafe.CommandService.Tests\CQRSTutorial.Cafe.CommandService.Tests.csproj", "{B3D4B30F-2918-43B9-9D3F-9F95FF7E0763}"
EndProject
Global
	GlobalSection(SolutionConfigurationPlatforms) = preSolution
		Debug|Any CPU = Debug|Any CPU
		Release|Any CPU = Release|Any CPU
	EndGlobalSection
	GlobalSection(ProjectConfigurationPlatforms) = postSolution
		{E73B676F-6995-44C7-9A01-62FBE400B0CE}.Debug|Any CPU.ActiveCfg = Debug|Any CPU
		{E73B676F-6995-44C7-9A01-62FBE400B0CE}.Debug|Any CPU.Build.0 = Debug|Any CPU
		{E73B676F-6995-44C7-9A01-62FBE400B0CE}.Release|Any CPU.ActiveCfg = Release|Any CPU
		{E73B676F-6995-44C7-9A01-62FBE400B0CE}.Release|Any CPU.Build.0 = Release|Any CPU
		{3B05B74B-D155-4166-819D-6D58A8B989A6}.Debug|Any CPU.ActiveCfg = Debug|Any CPU
		{3B05B74B-D155-4166-819D-6D58A8B989A6}.Debug|Any CPU.Build.0 = Debug|Any CPU
		{3B05B74B-D155-4166-819D-6D58A8B989A6}.Release|Any CPU.ActiveCfg = Release|Any CPU
		{3B05B74B-D155-4166-819D-6D58A8B989A6}.Release|Any CPU.Build.0 = Release|Any CPU
		{BAD739EF-4298-425D-B019-C7CA16432F51}.Debug|Any CPU.ActiveCfg = Debug|Any CPU
		{BAD739EF-4298-425D-B019-C7CA16432F51}.Debug|Any CPU.Build.0 = Debug|Any CPU
		{BAD739EF-4298-425D-B019-C7CA16432F51}.Release|Any CPU.ActiveCfg = Release|Any CPU
		{BAD739EF-4298-425D-B019-C7CA16432F51}.Release|Any CPU.Build.0 = Release|Any CPU
		{6C444E15-D6F2-4F50-863E-F0F760B978D4}.Debug|Any CPU.ActiveCfg = Debug|Any CPU
		{6C444E15-D6F2-4F50-863E-F0F760B978D4}.Debug|Any CPU.Build.0 = Debug|Any CPU
		{6C444E15-D6F2-4F50-863E-F0F760B978D4}.Release|Any CPU.ActiveCfg = Release|Any CPU
		{6C444E15-D6F2-4F50-863E-F0F760B978D4}.Release|Any CPU.Build.0 = Release|Any CPU
		{0E14684B-8EEE-41F8-8094-2D6373CA68F2}.Debug|Any CPU.ActiveCfg = Debug|Any CPU
		{0E14684B-8EEE-41F8-8094-2D6373CA68F2}.Debug|Any CPU.Build.0 = Debug|Any CPU
		{0E14684B-8EEE-41F8-8094-2D6373CA68F2}.Release|Any CPU.ActiveCfg = Release|Any CPU
		{0E14684B-8EEE-41F8-8094-2D6373CA68F2}.Release|Any CPU.Build.0 = Release|Any CPU
		{848A8191-EBD2-451C-B713-3C80E8D0434B}.Debug|Any CPU.ActiveCfg = Debug|Any CPU
		{848A8191-EBD2-451C-B713-3C80E8D0434B}.Debug|Any CPU.Build.0 = Debug|Any CPU
		{848A8191-EBD2-451C-B713-3C80E8D0434B}.Release|Any CPU.ActiveCfg = Release|Any CPU
		{848A8191-EBD2-451C-B713-3C80E8D0434B}.Release|Any CPU.Build.0 = Release|Any CPU
		{B3D4B30F-2918-43B9-9D3F-9F95FF7E0763}.Debug|Any CPU.ActiveCfg = Debug|Any CPU
		{B3D4B30F-2918-43B9-9D3F-9F95FF7E0763}.Debug|Any CPU.Build.0 = Debug|Any CPU
		{B3D4B30F-2918-43B9-9D3F-9F95FF7E0763}.Release|Any CPU.ActiveCfg = Release|Any CPU
		{B3D4B30F-2918-43B9-9D3F-9F95FF7E0763}.Release|Any CPU.Build.0 = Release|Any CPU
	EndGlobalSection
	GlobalSection(SolutionProperties) = preSolution
		HideSolutionNode = FALSE
	EndGlobalSection
	GlobalSection(ExtensibilityGlobals) = postSolution
		SolutionGuid = {1F3BDFA1-CE4A-4C00-B860-3C37C2A3731F}
	EndGlobalSection
EndGlobal
